
Microsoft Visual Studio Solution File, Format Version 12.00
# Visual Studio Version 16
VisualStudioVersion = 16.0.28803.452
MinimumVisualStudioVersion = 10.0.40219.1
Project("{9A19103F-16F7-4668-BE54-9A1E7A4F7556}") = "BookOrganizer.Domain", "BookOrganizer.Domain\BookOrganizer.Domain.csproj", "{71BC7069-EA54-4D86-8752-065A791970C0}"
EndProject
Project("{9A19103F-16F7-4668-BE54-9A1E7A4F7556}") = "BookOrganizer.Data.SqlServer", "BookOrganizer.Data.SqlServer\BookOrganizer.Data.SqlServer.csproj", "{3C4DCD61-C093-4488-89C1-844628ADBA5C}"
EndProject
Project("{2150E333-8FDC-42A3-9474-1A3956D46DE8}") = "Tests", "Tests", "{102869BD-6572-4E4B-8295-5BDD9C7E4F5E}"
EndProject
Project("{9A19103F-16F7-4668-BE54-9A1E7A4F7556}") = "BookOrganizer.DomainTests", "BookOrganizer.DomainTests\BookOrganizer.DomainTests.csproj", "{DCCB3A57-4559-4D1C-9509-4F982EF36E08}"
EndProject
Project("{9A19103F-16F7-4668-BE54-9A1E7A4F7556}") = "BookOrganizer.TestConsoleUI", "BookOrganizer.TestConsoleUI\BookOrganizer.TestConsoleUI.csproj", "{139000F3-C2EC-4E01-899B-954A4837C7BF}"
EndProject
Project("{FAE04EC0-301F-11D3-BF4B-00C04F79EFBC}") = "BookOrganizer.UI.WPF", "BookOrganizer.UI.WPF\BookOrganizer.UI.WPF.csproj", "{279BAD90-CE2B-41F8-B110-DC8E97A87636}"
EndProject
Project("{FAE04EC0-301F-11D3-BF4B-00C04F79EFBC}") = "BookOrganizer.UI.WPFTests", "BookOrganizer.UI.WPFTests\BookOrganizer.UI.WPFTests.csproj", "{FADE49B4-D12A-4C61-8C27-A914C43734CD}"
EndProject
Project("{9A19103F-16F7-4668-BE54-9A1E7A4F7556}") = "BookOrganizer.UI.Web", "BookOrganizer.UI.Web\BookOrganizer.UI.Web.csproj", "{588EF6BE-4B19-4843-8F83-10594F8B57FC}"
EndProject
Project("{2150E333-8FDC-42A3-9474-1A3956D46DE8}") = "Data Access", "Data Access", "{CFC9BCB1-B96F-43DB-8C9D-5632663931B5}"
EndProject
Project("{9A19103F-16F7-4668-BE54-9A1E7A4F7556}") = "BookOrganizer.Data.Repositories", "BookOrganizer.Data.Repositories\BookOrganizer.Data.Repositories.csproj", "{CEB76A6E-36A1-450E-A66E-5960945D534A}"
EndProject
Project("{9A19103F-16F7-4668-BE54-9A1E7A4F7556}") = "BookOrganizer.Data.Lookups", "BookOrganizer.Data.Lookups\BookOrganizer.Data.Lookups.csproj", "{F064AFCB-CF84-4F9C-B801-D0E5848DF9D5}"
EndProject
Project("{2150E333-8FDC-42A3-9474-1A3956D46DE8}") = "UI", "UI", "{3F710F31-D914-4AF7-B5BA-7B69D1193FFE}"
EndProject
Global
	GlobalSection(SolutionConfigurationPlatforms) = preSolution
		Debug|Any CPU = Debug|Any CPU
		Release|Any CPU = Release|Any CPU
	EndGlobalSection
	GlobalSection(ProjectConfigurationPlatforms) = postSolution
		{71BC7069-EA54-4D86-8752-065A791970C0}.Debug|Any CPU.ActiveCfg = Debug|Any CPU
		{71BC7069-EA54-4D86-8752-065A791970C0}.Debug|Any CPU.Build.0 = Debug|Any CPU
		{71BC7069-EA54-4D86-8752-065A791970C0}.Release|Any CPU.ActiveCfg = Release|Any CPU
		{71BC7069-EA54-4D86-8752-065A791970C0}.Release|Any CPU.Build.0 = Release|Any CPU
		{3C4DCD61-C093-4488-89C1-844628ADBA5C}.Debug|Any CPU.ActiveCfg = Debug|Any CPU
		{3C4DCD61-C093-4488-89C1-844628ADBA5C}.Debug|Any CPU.Build.0 = Debug|Any CPU
		{3C4DCD61-C093-4488-89C1-844628ADBA5C}.Release|Any CPU.ActiveCfg = Release|Any CPU
		{3C4DCD61-C093-4488-89C1-844628ADBA5C}.Release|Any CPU.Build.0 = Release|Any CPU
		{DCCB3A57-4559-4D1C-9509-4F982EF36E08}.Debug|Any CPU.ActiveCfg = Debug|Any CPU
		{DCCB3A57-4559-4D1C-9509-4F982EF36E08}.Debug|Any CPU.Build.0 = Debug|Any CPU
		{DCCB3A57-4559-4D1C-9509-4F982EF36E08}.Release|Any CPU.ActiveCfg = Release|Any CPU
		{DCCB3A57-4559-4D1C-9509-4F982EF36E08}.Release|Any CPU.Build.0 = Release|Any CPU
		{139000F3-C2EC-4E01-899B-954A4837C7BF}.Debug|Any CPU.ActiveCfg = Debug|Any CPU
		{139000F3-C2EC-4E01-899B-954A4837C7BF}.Debug|Any CPU.Build.0 = Debug|Any CPU
		{139000F3-C2EC-4E01-899B-954A4837C7BF}.Release|Any CPU.ActiveCfg = Release|Any CPU
		{139000F3-C2EC-4E01-899B-954A4837C7BF}.Release|Any CPU.Build.0 = Release|Any CPU
		{279BAD90-CE2B-41F8-B110-DC8E97A87636}.Debug|Any CPU.ActiveCfg = Debug|Any CPU
		{279BAD90-CE2B-41F8-B110-DC8E97A87636}.Debug|Any CPU.Build.0 = Debug|Any CPU
		{279BAD90-CE2B-41F8-B110-DC8E97A87636}.Release|Any CPU.ActiveCfg = Release|Any CPU
		{279BAD90-CE2B-41F8-B110-DC8E97A87636}.Release|Any CPU.Build.0 = Release|Any CPU
		{FADE49B4-D12A-4C61-8C27-A914C43734CD}.Debug|Any CPU.ActiveCfg = Debug|Any CPU
		{FADE49B4-D12A-4C61-8C27-A914C43734CD}.Debug|Any CPU.Build.0 = Debug|Any CPU
		{FADE49B4-D12A-4C61-8C27-A914C43734CD}.Release|Any CPU.ActiveCfg = Release|Any CPU
		{FADE49B4-D12A-4C61-8C27-A914C43734CD}.Release|Any CPU.Build.0 = Release|Any CPU
		{588EF6BE-4B19-4843-8F83-10594F8B57FC}.Debug|Any CPU.ActiveCfg = Debug|Any CPU
		{588EF6BE-4B19-4843-8F83-10594F8B57FC}.Debug|Any CPU.Build.0 = Debug|Any CPU
		{588EF6BE-4B19-4843-8F83-10594F8B57FC}.Release|Any CPU.ActiveCfg = Release|Any CPU
		{588EF6BE-4B19-4843-8F83-10594F8B57FC}.Release|Any CPU.Build.0 = Release|Any CPU
		{CEB76A6E-36A1-450E-A66E-5960945D534A}.Debug|Any CPU.ActiveCfg = Debug|Any CPU
		{CEB76A6E-36A1-450E-A66E-5960945D534A}.Debug|Any CPU.Build.0 = Debug|Any CPU
		{CEB76A6E-36A1-450E-A66E-5960945D534A}.Release|Any CPU.ActiveCfg = Release|Any CPU
		{CEB76A6E-36A1-450E-A66E-5960945D534A}.Release|Any CPU.Build.0 = Release|Any CPU
		{F064AFCB-CF84-4F9C-B801-D0E5848DF9D5}.Debug|Any CPU.ActiveCfg = Debug|Any CPU
		{F064AFCB-CF84-4F9C-B801-D0E5848DF9D5}.Debug|Any CPU.Build.0 = Debug|Any CPU
		{F064AFCB-CF84-4F9C-B801-D0E5848DF9D5}.Release|Any CPU.ActiveCfg = Release|Any CPU
		{F064AFCB-CF84-4F9C-B801-D0E5848DF9D5}.Release|Any CPU.Build.0 = Release|Any CPU
	EndGlobalSection
	GlobalSection(SolutionProperties) = preSolution
		HideSolutionNode = FALSE
	EndGlobalSection
	GlobalSection(NestedProjects) = preSolution
		{3C4DCD61-C093-4488-89C1-844628ADBA5C} = {CFC9BCB1-B96F-43DB-8C9D-5632663931B5}
		{DCCB3A57-4559-4D1C-9509-4F982EF36E08} = {102869BD-6572-4E4B-8295-5BDD9C7E4F5E}
		{139000F3-C2EC-4E01-899B-954A4837C7BF} = {3F710F31-D914-4AF7-B5BA-7B69D1193FFE}
		{279BAD90-CE2B-41F8-B110-DC8E97A87636} = {3F710F31-D914-4AF7-B5BA-7B69D1193FFE}
		{FADE49B4-D12A-4C61-8C27-A914C43734CD} = {102869BD-6572-4E4B-8295-5BDD9C7E4F5E}
		{588EF6BE-4B19-4843-8F83-10594F8B57FC} = {3F710F31-D914-4AF7-B5BA-7B69D1193FFE}
		{CEB76A6E-36A1-450E-A66E-5960945D534A} = {CFC9BCB1-B96F-43DB-8C9D-5632663931B5}
		{F064AFCB-CF84-4F9C-B801-D0E5848DF9D5} = {CFC9BCB1-B96F-43DB-8C9D-5632663931B5}
	EndGlobalSection
	GlobalSection(ExtensibilityGlobals) = postSolution
		SolutionGuid = {88707A94-E3ED-4E8D-8673-C6E2571320AF}
	EndGlobalSection
EndGlobal
