
Microsoft Visual Studio Solution File, Format Version 12.00
# Visual Studio Version 16
VisualStudioVersion = 16.0.28803.452
MinimumVisualStudioVersion = 10.0.40219.1
Project("{9A19103F-16F7-4668-BE54-9A1E7A4F7556}") = "BookOrganizer.Domain", "BookOrganizer.Domain\BookOrganizer.Domain.csproj", "{71BC7069-EA54-4D86-8752-065A791970C0}"
EndProject
Project("{9A19103F-16F7-4668-BE54-9A1E7A4F7556}") = "BookOrganizer.Data.SqlServer", "BookOrganizer.Data.SqlServer\BookOrganizer.Data.SqlServer.csproj", "{3C4DCD61-C093-4488-89C1-844628ADBA5C}"
EndProject
Project("{2150E333-8FDC-42A3-9474-1A3956D46DE8}") = "Tests", "Tests", "{102869BD-6572-4E4B-8295-5BDD9C7E4F5E}"
EndProject
Project("{9A19103F-16F7-4668-BE54-9A1E7A4F7556}") = "BookOrganizer.DomainTests", "BookOrganizer.DomainTests\BookOrganizer.DomainTests.csproj", "{DCCB3A57-4559-4D1C-9509-4F982EF36E08}"
EndProject
Project("{FAE04EC0-301F-11D3-BF4B-00C04F79EFBC}") = "BookOrganizer.UI.WPF", "BookOrganizer.UI.WPF\BookOrganizer.UI.WPF.csproj", "{279BAD90-CE2B-41F8-B110-DC8E97A87636}"
EndProject
Project("{FAE04EC0-301F-11D3-BF4B-00C04F79EFBC}") = "BookOrganizer.UI.WPFTests", "BookOrganizer.UI.WPFTests\BookOrganizer.UI.WPFTests.csproj", "{FADE49B4-D12A-4C61-8C27-A914C43734CD}"
EndProject
Project("{2150E333-8FDC-42A3-9474-1A3956D46DE8}") = "Data Access", "Data Access", "{CFC9BCB1-B96F-43DB-8C9D-5632663931B5}"
EndProject
Project("{2150E333-8FDC-42A3-9474-1A3956D46DE8}") = "UI", "UI", "{3F710F31-D914-4AF7-B5BA-7B69D1193FFE}"
EndProject
Project("{9A19103F-16F7-4668-BE54-9A1E7A4F7556}") = "BookOrganizer.Data.DA", "BookOrganizer.Data.DA\BookOrganizer.Data.DA.csproj", "{E97DE7E2-51CA-45CA-B2EF-DD751BD0B6B3}"
EndProject
Project("{9A19103F-16F7-4668-BE54-9A1E7A4F7556}") = "BookOrganizer.UI.WebTests", "BookOrganizer.UI.WebTests\BookOrganizer.UI.WebTests.csproj", "{183F67BF-2B62-40C8-A481-E1AFD060D949}"
EndProject
Project("{9A19103F-16F7-4668-BE54-9A1E7A4F7556}") = "BookOrganizer.UI.Web", "BookOrganizer.UI.Web\BookOrganizer.UI.Web.csproj", "{D07AF52F-7E62-4D99-A063-CB4A861C300F}"
EndProject
Project("{2150E333-8FDC-42A3-9474-1A3956D46DE8}") = "Solution Items", "Solution Items", "{80EC73AC-93C7-4857-AA32-31C86B761794}"
	ProjectSection(SolutionItems) = preProject
		LICENSE.txt = LICENSE.txt
		README.md = README.md
	EndProjectSection
EndProject
Project("{2150E333-8FDC-42A3-9474-1A3956D46DE8}") = "SQL", "SQL", "{AABD3D26-DA44-47BD-B09A-723C2B981A75}"
	ProjectSection(SolutionItems) = preProject
		Book_Statistics.sql = Book_Statistics.sql
		BooksReadByMonthInSpecifiedYear.sql = BooksReadByMonthInSpecifiedYear.sql
		SQL\GetAnnualBookStatisticsInRange.sql = SQL\GetAnnualBookStatisticsInRange.sql
		SQL\GetBookStatisticsByYear.sql = SQL\GetBookStatisticsByYear.sql
		GetMonthlyReads.sql = GetMonthlyReads.sql
	EndProjectSection
EndProject
Project("{9A19103F-16F7-4668-BE54-9A1E7A4F7556}") = "BookOrganizer.UI.WPFCore", "BookOrganizer.UI.WPFCore\BookOrganizer.UI.WPFCore.csproj", "{C01028E7-D4D8-42E8-A12B-AE047E0BC772}"
EndProject
Project("{9A19103F-16F7-4668-BE54-9A1E7A4F7556}") = "BookOrganizer.UI.WPFCoreTests", "BookOrganizer.UI.WPFCoreTests\BookOrganizer.UI.WPFCoreTests.csproj", "{B2A33E59-6A2B-4AE3-B277-53CC9028F600}"
EndProject
Project("{9A19103F-16F7-4668-BE54-9A1E7A4F7556}") = "BookOrganizer.TestConsoleUI", "BookOrganizer.TestConsoleUI\BookOrganizer.TestConsoleUI.csproj", "{F697BF42-70EF-4572-8BBA-CBDC05B0C61C}"
EndProject
Global
	GlobalSection(SolutionConfigurationPlatforms) = preSolution
		Debug|Any CPU = Debug|Any CPU
		Debug|ARM = Debug|ARM
		Debug|ARM64 = Debug|ARM64
		Debug|x64 = Debug|x64
		Debug|x86 = Debug|x86
		Release|Any CPU = Release|Any CPU
		Release|ARM = Release|ARM
		Release|ARM64 = Release|ARM64
		Release|x64 = Release|x64
		Release|x86 = Release|x86
	EndGlobalSection
	GlobalSection(ProjectConfigurationPlatforms) = postSolution
		{71BC7069-EA54-4D86-8752-065A791970C0}.Debug|Any CPU.ActiveCfg = Debug|Any CPU
		{71BC7069-EA54-4D86-8752-065A791970C0}.Debug|Any CPU.Build.0 = Debug|Any CPU
		{71BC7069-EA54-4D86-8752-065A791970C0}.Debug|ARM.ActiveCfg = Debug|Any CPU
		{71BC7069-EA54-4D86-8752-065A791970C0}.Debug|ARM.Build.0 = Debug|Any CPU
		{71BC7069-EA54-4D86-8752-065A791970C0}.Debug|ARM64.ActiveCfg = Debug|Any CPU
		{71BC7069-EA54-4D86-8752-065A791970C0}.Debug|ARM64.Build.0 = Debug|Any CPU
		{71BC7069-EA54-4D86-8752-065A791970C0}.Debug|x64.ActiveCfg = Debug|Any CPU
		{71BC7069-EA54-4D86-8752-065A791970C0}.Debug|x64.Build.0 = Debug|Any CPU
		{71BC7069-EA54-4D86-8752-065A791970C0}.Debug|x86.ActiveCfg = Debug|Any CPU
		{71BC7069-EA54-4D86-8752-065A791970C0}.Debug|x86.Build.0 = Debug|Any CPU
		{71BC7069-EA54-4D86-8752-065A791970C0}.Release|Any CPU.ActiveCfg = Release|Any CPU
		{71BC7069-EA54-4D86-8752-065A791970C0}.Release|Any CPU.Build.0 = Release|Any CPU
		{71BC7069-EA54-4D86-8752-065A791970C0}.Release|ARM.ActiveCfg = Release|Any CPU
		{71BC7069-EA54-4D86-8752-065A791970C0}.Release|ARM.Build.0 = Release|Any CPU
		{71BC7069-EA54-4D86-8752-065A791970C0}.Release|ARM64.ActiveCfg = Release|Any CPU
		{71BC7069-EA54-4D86-8752-065A791970C0}.Release|ARM64.Build.0 = Release|Any CPU
		{71BC7069-EA54-4D86-8752-065A791970C0}.Release|x64.ActiveCfg = Release|Any CPU
		{71BC7069-EA54-4D86-8752-065A791970C0}.Release|x64.Build.0 = Release|Any CPU
		{71BC7069-EA54-4D86-8752-065A791970C0}.Release|x86.ActiveCfg = Release|Any CPU
		{71BC7069-EA54-4D86-8752-065A791970C0}.Release|x86.Build.0 = Release|Any CPU
		{3C4DCD61-C093-4488-89C1-844628ADBA5C}.Debug|Any CPU.ActiveCfg = Debug|Any CPU
		{3C4DCD61-C093-4488-89C1-844628ADBA5C}.Debug|Any CPU.Build.0 = Debug|Any CPU
		{3C4DCD61-C093-4488-89C1-844628ADBA5C}.Debug|ARM.ActiveCfg = Debug|Any CPU
		{3C4DCD61-C093-4488-89C1-844628ADBA5C}.Debug|ARM.Build.0 = Debug|Any CPU
		{3C4DCD61-C093-4488-89C1-844628ADBA5C}.Debug|ARM64.ActiveCfg = Debug|Any CPU
		{3C4DCD61-C093-4488-89C1-844628ADBA5C}.Debug|ARM64.Build.0 = Debug|Any CPU
		{3C4DCD61-C093-4488-89C1-844628ADBA5C}.Debug|x64.ActiveCfg = Debug|Any CPU
		{3C4DCD61-C093-4488-89C1-844628ADBA5C}.Debug|x64.Build.0 = Debug|Any CPU
		{3C4DCD61-C093-4488-89C1-844628ADBA5C}.Debug|x86.ActiveCfg = Debug|Any CPU
		{3C4DCD61-C093-4488-89C1-844628ADBA5C}.Debug|x86.Build.0 = Debug|Any CPU
		{3C4DCD61-C093-4488-89C1-844628ADBA5C}.Release|Any CPU.ActiveCfg = Release|Any CPU
		{3C4DCD61-C093-4488-89C1-844628ADBA5C}.Release|Any CPU.Build.0 = Release|Any CPU
		{3C4DCD61-C093-4488-89C1-844628ADBA5C}.Release|ARM.ActiveCfg = Release|Any CPU
		{3C4DCD61-C093-4488-89C1-844628ADBA5C}.Release|ARM.Build.0 = Release|Any CPU
		{3C4DCD61-C093-4488-89C1-844628ADBA5C}.Release|ARM64.ActiveCfg = Release|Any CPU
		{3C4DCD61-C093-4488-89C1-844628ADBA5C}.Release|ARM64.Build.0 = Release|Any CPU
		{3C4DCD61-C093-4488-89C1-844628ADBA5C}.Release|x64.ActiveCfg = Release|Any CPU
		{3C4DCD61-C093-4488-89C1-844628ADBA5C}.Release|x64.Build.0 = Release|Any CPU
		{3C4DCD61-C093-4488-89C1-844628ADBA5C}.Release|x86.ActiveCfg = Release|Any CPU
		{3C4DCD61-C093-4488-89C1-844628ADBA5C}.Release|x86.Build.0 = Release|Any CPU
		{DCCB3A57-4559-4D1C-9509-4F982EF36E08}.Debug|Any CPU.ActiveCfg = Debug|Any CPU
		{DCCB3A57-4559-4D1C-9509-4F982EF36E08}.Debug|Any CPU.Build.0 = Debug|Any CPU
		{DCCB3A57-4559-4D1C-9509-4F982EF36E08}.Debug|ARM.ActiveCfg = Debug|Any CPU
		{DCCB3A57-4559-4D1C-9509-4F982EF36E08}.Debug|ARM.Build.0 = Debug|Any CPU
		{DCCB3A57-4559-4D1C-9509-4F982EF36E08}.Debug|ARM64.ActiveCfg = Debug|Any CPU
		{DCCB3A57-4559-4D1C-9509-4F982EF36E08}.Debug|ARM64.Build.0 = Debug|Any CPU
		{DCCB3A57-4559-4D1C-9509-4F982EF36E08}.Debug|x64.ActiveCfg = Debug|Any CPU
		{DCCB3A57-4559-4D1C-9509-4F982EF36E08}.Debug|x64.Build.0 = Debug|Any CPU
		{DCCB3A57-4559-4D1C-9509-4F982EF36E08}.Debug|x86.ActiveCfg = Debug|Any CPU
		{DCCB3A57-4559-4D1C-9509-4F982EF36E08}.Debug|x86.Build.0 = Debug|Any CPU
		{DCCB3A57-4559-4D1C-9509-4F982EF36E08}.Release|Any CPU.ActiveCfg = Release|Any CPU
		{DCCB3A57-4559-4D1C-9509-4F982EF36E08}.Release|Any CPU.Build.0 = Release|Any CPU
		{DCCB3A57-4559-4D1C-9509-4F982EF36E08}.Release|ARM.ActiveCfg = Release|Any CPU
		{DCCB3A57-4559-4D1C-9509-4F982EF36E08}.Release|ARM.Build.0 = Release|Any CPU
		{DCCB3A57-4559-4D1C-9509-4F982EF36E08}.Release|ARM64.ActiveCfg = Release|Any CPU
		{DCCB3A57-4559-4D1C-9509-4F982EF36E08}.Release|ARM64.Build.0 = Release|Any CPU
		{DCCB3A57-4559-4D1C-9509-4F982EF36E08}.Release|x64.ActiveCfg = Release|Any CPU
		{DCCB3A57-4559-4D1C-9509-4F982EF36E08}.Release|x64.Build.0 = Release|Any CPU
		{DCCB3A57-4559-4D1C-9509-4F982EF36E08}.Release|x86.ActiveCfg = Release|Any CPU
		{DCCB3A57-4559-4D1C-9509-4F982EF36E08}.Release|x86.Build.0 = Release|Any CPU
		{279BAD90-CE2B-41F8-B110-DC8E97A87636}.Debug|Any CPU.ActiveCfg = Debug|Any CPU
		{279BAD90-CE2B-41F8-B110-DC8E97A87636}.Debug|Any CPU.Build.0 = Debug|Any CPU
		{279BAD90-CE2B-41F8-B110-DC8E97A87636}.Debug|ARM.ActiveCfg = Debug|Any CPU
		{279BAD90-CE2B-41F8-B110-DC8E97A87636}.Debug|ARM.Build.0 = Debug|Any CPU
		{279BAD90-CE2B-41F8-B110-DC8E97A87636}.Debug|ARM64.ActiveCfg = Debug|Any CPU
		{279BAD90-CE2B-41F8-B110-DC8E97A87636}.Debug|ARM64.Build.0 = Debug|Any CPU
		{279BAD90-CE2B-41F8-B110-DC8E97A87636}.Debug|x64.ActiveCfg = Debug|Any CPU
		{279BAD90-CE2B-41F8-B110-DC8E97A87636}.Debug|x64.Build.0 = Debug|Any CPU
		{279BAD90-CE2B-41F8-B110-DC8E97A87636}.Debug|x86.ActiveCfg = Debug|Any CPU
		{279BAD90-CE2B-41F8-B110-DC8E97A87636}.Debug|x86.Build.0 = Debug|Any CPU
		{279BAD90-CE2B-41F8-B110-DC8E97A87636}.Release|Any CPU.ActiveCfg = Release|Any CPU
		{279BAD90-CE2B-41F8-B110-DC8E97A87636}.Release|Any CPU.Build.0 = Release|Any CPU
		{279BAD90-CE2B-41F8-B110-DC8E97A87636}.Release|ARM.ActiveCfg = Release|Any CPU
		{279BAD90-CE2B-41F8-B110-DC8E97A87636}.Release|ARM.Build.0 = Release|Any CPU
		{279BAD90-CE2B-41F8-B110-DC8E97A87636}.Release|ARM64.ActiveCfg = Release|Any CPU
		{279BAD90-CE2B-41F8-B110-DC8E97A87636}.Release|ARM64.Build.0 = Release|Any CPU
		{279BAD90-CE2B-41F8-B110-DC8E97A87636}.Release|x64.ActiveCfg = Release|Any CPU
		{279BAD90-CE2B-41F8-B110-DC8E97A87636}.Release|x64.Build.0 = Release|Any CPU
		{279BAD90-CE2B-41F8-B110-DC8E97A87636}.Release|x86.ActiveCfg = Release|Any CPU
		{279BAD90-CE2B-41F8-B110-DC8E97A87636}.Release|x86.Build.0 = Release|Any CPU
		{FADE49B4-D12A-4C61-8C27-A914C43734CD}.Debug|Any CPU.ActiveCfg = Debug|Any CPU
		{FADE49B4-D12A-4C61-8C27-A914C43734CD}.Debug|Any CPU.Build.0 = Debug|Any CPU
		{FADE49B4-D12A-4C61-8C27-A914C43734CD}.Debug|ARM.ActiveCfg = Debug|Any CPU
		{FADE49B4-D12A-4C61-8C27-A914C43734CD}.Debug|ARM.Build.0 = Debug|Any CPU
		{FADE49B4-D12A-4C61-8C27-A914C43734CD}.Debug|ARM64.ActiveCfg = Debug|Any CPU
		{FADE49B4-D12A-4C61-8C27-A914C43734CD}.Debug|ARM64.Build.0 = Debug|Any CPU
		{FADE49B4-D12A-4C61-8C27-A914C43734CD}.Debug|x64.ActiveCfg = Debug|Any CPU
		{FADE49B4-D12A-4C61-8C27-A914C43734CD}.Debug|x64.Build.0 = Debug|Any CPU
		{FADE49B4-D12A-4C61-8C27-A914C43734CD}.Debug|x86.ActiveCfg = Debug|Any CPU
		{FADE49B4-D12A-4C61-8C27-A914C43734CD}.Debug|x86.Build.0 = Debug|Any CPU
		{FADE49B4-D12A-4C61-8C27-A914C43734CD}.Release|Any CPU.ActiveCfg = Release|Any CPU
		{FADE49B4-D12A-4C61-8C27-A914C43734CD}.Release|Any CPU.Build.0 = Release|Any CPU
		{FADE49B4-D12A-4C61-8C27-A914C43734CD}.Release|ARM.ActiveCfg = Release|Any CPU
		{FADE49B4-D12A-4C61-8C27-A914C43734CD}.Release|ARM.Build.0 = Release|Any CPU
		{FADE49B4-D12A-4C61-8C27-A914C43734CD}.Release|ARM64.ActiveCfg = Release|Any CPU
		{FADE49B4-D12A-4C61-8C27-A914C43734CD}.Release|ARM64.Build.0 = Release|Any CPU
		{FADE49B4-D12A-4C61-8C27-A914C43734CD}.Release|x64.ActiveCfg = Release|Any CPU
		{FADE49B4-D12A-4C61-8C27-A914C43734CD}.Release|x64.Build.0 = Release|Any CPU
		{FADE49B4-D12A-4C61-8C27-A914C43734CD}.Release|x86.ActiveCfg = Release|Any CPU
		{FADE49B4-D12A-4C61-8C27-A914C43734CD}.Release|x86.Build.0 = Release|Any CPU
		{E97DE7E2-51CA-45CA-B2EF-DD751BD0B6B3}.Debug|Any CPU.ActiveCfg = Debug|Any CPU
		{E97DE7E2-51CA-45CA-B2EF-DD751BD0B6B3}.Debug|Any CPU.Build.0 = Debug|Any CPU
		{E97DE7E2-51CA-45CA-B2EF-DD751BD0B6B3}.Debug|ARM.ActiveCfg = Debug|Any CPU
		{E97DE7E2-51CA-45CA-B2EF-DD751BD0B6B3}.Debug|ARM.Build.0 = Debug|Any CPU
		{E97DE7E2-51CA-45CA-B2EF-DD751BD0B6B3}.Debug|ARM64.ActiveCfg = Debug|Any CPU
		{E97DE7E2-51CA-45CA-B2EF-DD751BD0B6B3}.Debug|ARM64.Build.0 = Debug|Any CPU
		{E97DE7E2-51CA-45CA-B2EF-DD751BD0B6B3}.Debug|x64.ActiveCfg = Debug|Any CPU
		{E97DE7E2-51CA-45CA-B2EF-DD751BD0B6B3}.Debug|x64.Build.0 = Debug|Any CPU
		{E97DE7E2-51CA-45CA-B2EF-DD751BD0B6B3}.Debug|x86.ActiveCfg = Debug|Any CPU
		{E97DE7E2-51CA-45CA-B2EF-DD751BD0B6B3}.Debug|x86.Build.0 = Debug|Any CPU
		{E97DE7E2-51CA-45CA-B2EF-DD751BD0B6B3}.Release|Any CPU.ActiveCfg = Release|Any CPU
		{E97DE7E2-51CA-45CA-B2EF-DD751BD0B6B3}.Release|Any CPU.Build.0 = Release|Any CPU
		{E97DE7E2-51CA-45CA-B2EF-DD751BD0B6B3}.Release|ARM.ActiveCfg = Release|Any CPU
		{E97DE7E2-51CA-45CA-B2EF-DD751BD0B6B3}.Release|ARM.Build.0 = Release|Any CPU
		{E97DE7E2-51CA-45CA-B2EF-DD751BD0B6B3}.Release|ARM64.ActiveCfg = Release|Any CPU
		{E97DE7E2-51CA-45CA-B2EF-DD751BD0B6B3}.Release|ARM64.Build.0 = Release|Any CPU
		{E97DE7E2-51CA-45CA-B2EF-DD751BD0B6B3}.Release|x64.ActiveCfg = Release|Any CPU
		{E97DE7E2-51CA-45CA-B2EF-DD751BD0B6B3}.Release|x64.Build.0 = Release|Any CPU
		{E97DE7E2-51CA-45CA-B2EF-DD751BD0B6B3}.Release|x86.ActiveCfg = Release|Any CPU
		{E97DE7E2-51CA-45CA-B2EF-DD751BD0B6B3}.Release|x86.Build.0 = Release|Any CPU
		{183F67BF-2B62-40C8-A481-E1AFD060D949}.Debug|Any CPU.ActiveCfg = Debug|Any CPU
		{183F67BF-2B62-40C8-A481-E1AFD060D949}.Debug|Any CPU.Build.0 = Debug|Any CPU
		{183F67BF-2B62-40C8-A481-E1AFD060D949}.Debug|ARM.ActiveCfg = Debug|Any CPU
		{183F67BF-2B62-40C8-A481-E1AFD060D949}.Debug|ARM.Build.0 = Debug|Any CPU
		{183F67BF-2B62-40C8-A481-E1AFD060D949}.Debug|ARM64.ActiveCfg = Debug|Any CPU
		{183F67BF-2B62-40C8-A481-E1AFD060D949}.Debug|ARM64.Build.0 = Debug|Any CPU
		{183F67BF-2B62-40C8-A481-E1AFD060D949}.Debug|x64.ActiveCfg = Debug|Any CPU
		{183F67BF-2B62-40C8-A481-E1AFD060D949}.Debug|x64.Build.0 = Debug|Any CPU
		{183F67BF-2B62-40C8-A481-E1AFD060D949}.Debug|x86.ActiveCfg = Debug|Any CPU
		{183F67BF-2B62-40C8-A481-E1AFD060D949}.Debug|x86.Build.0 = Debug|Any CPU
		{183F67BF-2B62-40C8-A481-E1AFD060D949}.Release|Any CPU.ActiveCfg = Release|Any CPU
		{183F67BF-2B62-40C8-A481-E1AFD060D949}.Release|Any CPU.Build.0 = Release|Any CPU
		{183F67BF-2B62-40C8-A481-E1AFD060D949}.Release|ARM.ActiveCfg = Release|Any CPU
		{183F67BF-2B62-40C8-A481-E1AFD060D949}.Release|ARM.Build.0 = Release|Any CPU
		{183F67BF-2B62-40C8-A481-E1AFD060D949}.Release|ARM64.ActiveCfg = Release|Any CPU
		{183F67BF-2B62-40C8-A481-E1AFD060D949}.Release|ARM64.Build.0 = Release|Any CPU
		{183F67BF-2B62-40C8-A481-E1AFD060D949}.Release|x64.ActiveCfg = Release|Any CPU
		{183F67BF-2B62-40C8-A481-E1AFD060D949}.Release|x64.Build.0 = Release|Any CPU
		{183F67BF-2B62-40C8-A481-E1AFD060D949}.Release|x86.ActiveCfg = Release|Any CPU
		{183F67BF-2B62-40C8-A481-E1AFD060D949}.Release|x86.Build.0 = Release|Any CPU
		{D07AF52F-7E62-4D99-A063-CB4A861C300F}.Debug|Any CPU.ActiveCfg = Debug|Any CPU
		{D07AF52F-7E62-4D99-A063-CB4A861C300F}.Debug|Any CPU.Build.0 = Debug|Any CPU
		{D07AF52F-7E62-4D99-A063-CB4A861C300F}.Debug|ARM.ActiveCfg = Debug|Any CPU
		{D07AF52F-7E62-4D99-A063-CB4A861C300F}.Debug|ARM.Build.0 = Debug|Any CPU
		{D07AF52F-7E62-4D99-A063-CB4A861C300F}.Debug|ARM64.ActiveCfg = Debug|Any CPU
		{D07AF52F-7E62-4D99-A063-CB4A861C300F}.Debug|ARM64.Build.0 = Debug|Any CPU
		{D07AF52F-7E62-4D99-A063-CB4A861C300F}.Debug|x64.ActiveCfg = Debug|Any CPU
		{D07AF52F-7E62-4D99-A063-CB4A861C300F}.Debug|x64.Build.0 = Debug|Any CPU
		{D07AF52F-7E62-4D99-A063-CB4A861C300F}.Debug|x86.ActiveCfg = Debug|Any CPU
		{D07AF52F-7E62-4D99-A063-CB4A861C300F}.Debug|x86.Build.0 = Debug|Any CPU
		{D07AF52F-7E62-4D99-A063-CB4A861C300F}.Release|Any CPU.ActiveCfg = Release|Any CPU
		{D07AF52F-7E62-4D99-A063-CB4A861C300F}.Release|Any CPU.Build.0 = Release|Any CPU
		{D07AF52F-7E62-4D99-A063-CB4A861C300F}.Release|ARM.ActiveCfg = Release|Any CPU
		{D07AF52F-7E62-4D99-A063-CB4A861C300F}.Release|ARM.Build.0 = Release|Any CPU
		{D07AF52F-7E62-4D99-A063-CB4A861C300F}.Release|ARM64.ActiveCfg = Release|Any CPU
		{D07AF52F-7E62-4D99-A063-CB4A861C300F}.Release|ARM64.Build.0 = Release|Any CPU
		{D07AF52F-7E62-4D99-A063-CB4A861C300F}.Release|x64.ActiveCfg = Release|Any CPU
		{D07AF52F-7E62-4D99-A063-CB4A861C300F}.Release|x64.Build.0 = Release|Any CPU
		{D07AF52F-7E62-4D99-A063-CB4A861C300F}.Release|x86.ActiveCfg = Release|Any CPU
		{D07AF52F-7E62-4D99-A063-CB4A861C300F}.Release|x86.Build.0 = Release|Any CPU
		{C01028E7-D4D8-42E8-A12B-AE047E0BC772}.Debug|Any CPU.ActiveCfg = Debug|Any CPU
		{C01028E7-D4D8-42E8-A12B-AE047E0BC772}.Debug|Any CPU.Build.0 = Debug|Any CPU
		{C01028E7-D4D8-42E8-A12B-AE047E0BC772}.Debug|ARM.ActiveCfg = Debug|Any CPU
		{C01028E7-D4D8-42E8-A12B-AE047E0BC772}.Debug|ARM.Build.0 = Debug|Any CPU
		{C01028E7-D4D8-42E8-A12B-AE047E0BC772}.Debug|ARM64.ActiveCfg = Debug|Any CPU
		{C01028E7-D4D8-42E8-A12B-AE047E0BC772}.Debug|ARM64.Build.0 = Debug|Any CPU
		{C01028E7-D4D8-42E8-A12B-AE047E0BC772}.Debug|x64.ActiveCfg = Debug|Any CPU
		{C01028E7-D4D8-42E8-A12B-AE047E0BC772}.Debug|x64.Build.0 = Debug|Any CPU
		{C01028E7-D4D8-42E8-A12B-AE047E0BC772}.Debug|x86.ActiveCfg = Debug|Any CPU
		{C01028E7-D4D8-42E8-A12B-AE047E0BC772}.Debug|x86.Build.0 = Debug|Any CPU
		{C01028E7-D4D8-42E8-A12B-AE047E0BC772}.Release|Any CPU.ActiveCfg = Release|Any CPU
		{C01028E7-D4D8-42E8-A12B-AE047E0BC772}.Release|Any CPU.Build.0 = Release|Any CPU
		{C01028E7-D4D8-42E8-A12B-AE047E0BC772}.Release|ARM.ActiveCfg = Release|Any CPU
		{C01028E7-D4D8-42E8-A12B-AE047E0BC772}.Release|ARM.Build.0 = Release|Any CPU
		{C01028E7-D4D8-42E8-A12B-AE047E0BC772}.Release|ARM64.ActiveCfg = Release|Any CPU
		{C01028E7-D4D8-42E8-A12B-AE047E0BC772}.Release|ARM64.Build.0 = Release|Any CPU
		{C01028E7-D4D8-42E8-A12B-AE047E0BC772}.Release|x64.ActiveCfg = Release|Any CPU
		{C01028E7-D4D8-42E8-A12B-AE047E0BC772}.Release|x64.Build.0 = Release|Any CPU
		{C01028E7-D4D8-42E8-A12B-AE047E0BC772}.Release|x86.ActiveCfg = Release|Any CPU
		{C01028E7-D4D8-42E8-A12B-AE047E0BC772}.Release|x86.Build.0 = Release|Any CPU
		{B2A33E59-6A2B-4AE3-B277-53CC9028F600}.Debug|Any CPU.ActiveCfg = Debug|Any CPU
		{B2A33E59-6A2B-4AE3-B277-53CC9028F600}.Debug|Any CPU.Build.0 = Debug|Any CPU
		{B2A33E59-6A2B-4AE3-B277-53CC9028F600}.Debug|ARM.ActiveCfg = Debug|Any CPU
		{B2A33E59-6A2B-4AE3-B277-53CC9028F600}.Debug|ARM.Build.0 = Debug|Any CPU
		{B2A33E59-6A2B-4AE3-B277-53CC9028F600}.Debug|ARM64.ActiveCfg = Debug|Any CPU
		{B2A33E59-6A2B-4AE3-B277-53CC9028F600}.Debug|ARM64.Build.0 = Debug|Any CPU
		{B2A33E59-6A2B-4AE3-B277-53CC9028F600}.Debug|x64.ActiveCfg = Debug|Any CPU
		{B2A33E59-6A2B-4AE3-B277-53CC9028F600}.Debug|x64.Build.0 = Debug|Any CPU
		{B2A33E59-6A2B-4AE3-B277-53CC9028F600}.Debug|x86.ActiveCfg = Debug|Any CPU
		{B2A33E59-6A2B-4AE3-B277-53CC9028F600}.Debug|x86.Build.0 = Debug|Any CPU
		{B2A33E59-6A2B-4AE3-B277-53CC9028F600}.Release|Any CPU.ActiveCfg = Release|Any CPU
		{B2A33E59-6A2B-4AE3-B277-53CC9028F600}.Release|Any CPU.Build.0 = Release|Any CPU
		{B2A33E59-6A2B-4AE3-B277-53CC9028F600}.Release|ARM.ActiveCfg = Release|Any CPU
		{B2A33E59-6A2B-4AE3-B277-53CC9028F600}.Release|ARM.Build.0 = Release|Any CPU
		{B2A33E59-6A2B-4AE3-B277-53CC9028F600}.Release|ARM64.ActiveCfg = Release|Any CPU
		{B2A33E59-6A2B-4AE3-B277-53CC9028F600}.Release|ARM64.Build.0 = Release|Any CPU
		{B2A33E59-6A2B-4AE3-B277-53CC9028F600}.Release|x64.ActiveCfg = Release|Any CPU
		{B2A33E59-6A2B-4AE3-B277-53CC9028F600}.Release|x64.Build.0 = Release|Any CPU
		{B2A33E59-6A2B-4AE3-B277-53CC9028F600}.Release|x86.ActiveCfg = Release|Any CPU
		{B2A33E59-6A2B-4AE3-B277-53CC9028F600}.Release|x86.Build.0 = Release|Any CPU
		{F697BF42-70EF-4572-8BBA-CBDC05B0C61C}.Debug|Any CPU.ActiveCfg = Debug|Any CPU
		{F697BF42-70EF-4572-8BBA-CBDC05B0C61C}.Debug|Any CPU.Build.0 = Debug|Any CPU
		{F697BF42-70EF-4572-8BBA-CBDC05B0C61C}.Debug|ARM.ActiveCfg = Debug|Any CPU
		{F697BF42-70EF-4572-8BBA-CBDC05B0C61C}.Debug|ARM.Build.0 = Debug|Any CPU
		{F697BF42-70EF-4572-8BBA-CBDC05B0C61C}.Debug|ARM64.ActiveCfg = Debug|Any CPU
		{F697BF42-70EF-4572-8BBA-CBDC05B0C61C}.Debug|ARM64.Build.0 = Debug|Any CPU
		{F697BF42-70EF-4572-8BBA-CBDC05B0C61C}.Debug|x64.ActiveCfg = Debug|Any CPU
		{F697BF42-70EF-4572-8BBA-CBDC05B0C61C}.Debug|x64.Build.0 = Debug|Any CPU
		{F697BF42-70EF-4572-8BBA-CBDC05B0C61C}.Debug|x86.ActiveCfg = Debug|Any CPU
		{F697BF42-70EF-4572-8BBA-CBDC05B0C61C}.Debug|x86.Build.0 = Debug|Any CPU
		{F697BF42-70EF-4572-8BBA-CBDC05B0C61C}.Release|Any CPU.ActiveCfg = Release|Any CPU
		{F697BF42-70EF-4572-8BBA-CBDC05B0C61C}.Release|Any CPU.Build.0 = Release|Any CPU
		{F697BF42-70EF-4572-8BBA-CBDC05B0C61C}.Release|ARM.ActiveCfg = Release|Any CPU
		{F697BF42-70EF-4572-8BBA-CBDC05B0C61C}.Release|ARM.Build.0 = Release|Any CPU
		{F697BF42-70EF-4572-8BBA-CBDC05B0C61C}.Release|ARM64.ActiveCfg = Release|Any CPU
		{F697BF42-70EF-4572-8BBA-CBDC05B0C61C}.Release|ARM64.Build.0 = Release|Any CPU
		{F697BF42-70EF-4572-8BBA-CBDC05B0C61C}.Release|x64.ActiveCfg = Release|Any CPU
		{F697BF42-70EF-4572-8BBA-CBDC05B0C61C}.Release|x64.Build.0 = Release|Any CPU
		{F697BF42-70EF-4572-8BBA-CBDC05B0C61C}.Release|x86.ActiveCfg = Release|Any CPU
		{F697BF42-70EF-4572-8BBA-CBDC05B0C61C}.Release|x86.Build.0 = Release|Any CPU
	EndGlobalSection
	GlobalSection(SolutionProperties) = preSolution
		HideSolutionNode = FALSE
	EndGlobalSection
	GlobalSection(NestedProjects) = preSolution
		{3C4DCD61-C093-4488-89C1-844628ADBA5C} = {CFC9BCB1-B96F-43DB-8C9D-5632663931B5}
		{DCCB3A57-4559-4D1C-9509-4F982EF36E08} = {102869BD-6572-4E4B-8295-5BDD9C7E4F5E}
		{279BAD90-CE2B-41F8-B110-DC8E97A87636} = {3F710F31-D914-4AF7-B5BA-7B69D1193FFE}
		{FADE49B4-D12A-4C61-8C27-A914C43734CD} = {102869BD-6572-4E4B-8295-5BDD9C7E4F5E}
		{E97DE7E2-51CA-45CA-B2EF-DD751BD0B6B3} = {CFC9BCB1-B96F-43DB-8C9D-5632663931B5}
		{183F67BF-2B62-40C8-A481-E1AFD060D949} = {102869BD-6572-4E4B-8295-5BDD9C7E4F5E}
		{D07AF52F-7E62-4D99-A063-CB4A861C300F} = {3F710F31-D914-4AF7-B5BA-7B69D1193FFE}
		{AABD3D26-DA44-47BD-B09A-723C2B981A75} = {CFC9BCB1-B96F-43DB-8C9D-5632663931B5}
		{C01028E7-D4D8-42E8-A12B-AE047E0BC772} = {3F710F31-D914-4AF7-B5BA-7B69D1193FFE}
		{B2A33E59-6A2B-4AE3-B277-53CC9028F600} = {102869BD-6572-4E4B-8295-5BDD9C7E4F5E}
		{F697BF42-70EF-4572-8BBA-CBDC05B0C61C} = {3F710F31-D914-4AF7-B5BA-7B69D1193FFE}
	EndGlobalSection
	GlobalSection(ExtensibilityGlobals) = postSolution
		SolutionGuid = {88707A94-E3ED-4E8D-8673-C6E2571320AF}
	EndGlobalSection
EndGlobal
